
Microsoft Visual Studio Solution File, Format Version 12.00
# Visual Studio Version 17
VisualStudioVersion = 17.5.002.0
MinimumVisualStudioVersion = 10.0.40219.1
Project("{2150E333-8FDC-42A3-9474-1A3956D46DE8}") = "csharp-prep", "csharp-prep", "{8558477E-BB8C-490D-A3B8-7929FE191DFC}"
EndProject
Project("{9A19103F-16F7-4668-BE54-9A1E7A4F7556}") = "Prep1", "csharp-prep\Prep1\Prep1.csproj", "{20825F1F-A881-409B-BD05-33EF0050E9B6}"
EndProject
Project("{9A19103F-16F7-4668-BE54-9A1E7A4F7556}") = "Prep2", "csharp-prep\Prep2\Prep2.csproj", "{4966148B-F9CF-481E-8957-61B15BBA9E8C}"
EndProject
Project("{9A19103F-16F7-4668-BE54-9A1E7A4F7556}") = "Prep3", "csharp-prep\Prep3\Prep3.csproj", "{0D78C400-5E4D-42ED-B954-686A8A7A6963}"
EndProject
Project("{9A19103F-16F7-4668-BE54-9A1E7A4F7556}") = "Prep4", "csharp-prep\Prep4\Prep4.csproj", "{AB68C624-A8B8-4DA6-A8D6-5B58723C0DDF}"
EndProject
Project("{9A19103F-16F7-4668-BE54-9A1E7A4F7556}") = "Prep5", "csharp-prep\Prep5\Prep5.csproj", "{90C56D2C-E3B7-40E3-A45E-0D2E6D182760}"
EndProject
Project("{2150E333-8FDC-42A3-9474-1A3956D46DE8}") = "final", "final", "{DD560035-E416-4C91-90EB-51A5D5A3C509}"
EndProject
Project("{9A19103F-16F7-4668-BE54-9A1E7A4F7556}") = "FinalProject", "final\FinalProject\FinalProject.csproj", "{9BE8F228-BE7B-4EF0-8254-9F1E37D67890}"
EndProject
Project("{9A19103F-16F7-4668-BE54-9A1E7A4F7556}") = "Foundation1", "final\Foundation1\Foundation1.csproj", "{43C094A0-810E-455C-956E-39151959BD4B}"
EndProject
Project("{9A19103F-16F7-4668-BE54-9A1E7A4F7556}") = "Foundation2", "final\Foundation2\Foundation2.csproj", "{48885FBA-4372-4E73-9041-3F4A624D11FC}"
EndProject
Project("{9A19103F-16F7-4668-BE54-9A1E7A4F7556}") = "Foundation3", "final\Foundation3\Foundation3.csproj", "{66B0EC68-C2BD-4144-89BB-EA5497E09290}"
EndProject
Project("{9A19103F-16F7-4668-BE54-9A1E7A4F7556}") = "Foundation4", "final\Foundation4\Foundation4.csproj", "{0FE99EB5-7E60-4E6E-97DC-609C4A8D949A}"
EndProject
Project("{2150E333-8FDC-42A3-9474-1A3956D46DE8}") = "prepare", "prepare", "{C4AC79AB-20A8-4805-990B-21080C1F5F26}"
EndProject
Project("{9A19103F-16F7-4668-BE54-9A1E7A4F7556}") = "Learning02", "prepare\Learning02\Learning02.csproj", "{F87ECF62-8F0B-4DEC-BE28-D34B5B48FC62}"
EndProject
Project("{9A19103F-16F7-4668-BE54-9A1E7A4F7556}") = "Learning03", "prepare\Learning03\Learning03.csproj", "{E670B82F-13DB-410D-A983-03AE132444BE}"
EndProject
Project("{9A19103F-16F7-4668-BE54-9A1E7A4F7556}") = "Learning04", "prepare\Learning04\Learning04.csproj", "{BF9D19EC-24E8-4DA7-8DF9-5011001E2FA6}"
EndProject
Project("{9A19103F-16F7-4668-BE54-9A1E7A4F7556}") = "Learning05", "prepare\Learning05\Learning05.csproj", "{6A37E071-0AAA-4E18-9E96-456E7BD0C833}"
EndProject
Project("{2150E333-8FDC-42A3-9474-1A3956D46DE8}") = "prove", "prove", "{59E59AAE-FC4A-4E95-A7F2-548B8A8B62A7}"
EndProject
Project("{9A19103F-16F7-4668-BE54-9A1E7A4F7556}") = "Develop02", "prove\Develop02\Develop02.csproj", "{0344DF2E-CDC6-441F-AEE4-EC76BE09D199}"
EndProject
Project("{9A19103F-16F7-4668-BE54-9A1E7A4F7556}") = "Develop03", "prove\Develop03\Develop03.csproj", "{F7A0C53C-C02C-4A34-BD57-5713F9FC93F8}"
EndProject
Project("{9A19103F-16F7-4668-BE54-9A1E7A4F7556}") = "Develop04", "prove\Develop04\Develop04.csproj", "{FEA0D286-518D-4E8E-A913-F6E6A5569B89}"
EndProject
Project("{9A19103F-16F7-4668-BE54-9A1E7A4F7556}") = "Develop05", "prove\Develop05\Develop05.csproj", "{B63CF349-3847-4A7C-B98D-784A4CCB2B9B}"
EndProject
Project("{2150E333-8FDC-42A3-9474-1A3956D46DE8}") = "sandbox", "sandbox", "{9F76D80D-B58B-4245-AA90-7567A8023494}"
EndProject
Project("{9A19103F-16F7-4668-BE54-9A1E7A4F7556}") = "Sandbox", "sandbox\Sandbox\Sandbox.csproj", "{E590494C-CB3B-49A0-BE13-B5A01DF32E1D}"
EndProject
Global
	GlobalSection(SolutionConfigurationPlatforms) = preSolution
		Debug|Any CPU = Debug|Any CPU
		Release|Any CPU = Release|Any CPU
	EndGlobalSection
	GlobalSection(ProjectConfigurationPlatforms) = postSolution
		{20825F1F-A881-409B-BD05-33EF0050E9B6}.Debug|Any CPU.ActiveCfg = Debug|Any CPU
		{20825F1F-A881-409B-BD05-33EF0050E9B6}.Debug|Any CPU.Build.0 = Debug|Any CPU
		{20825F1F-A881-409B-BD05-33EF0050E9B6}.Release|Any CPU.ActiveCfg = Release|Any CPU
		{20825F1F-A881-409B-BD05-33EF0050E9B6}.Release|Any CPU.Build.0 = Release|Any CPU
		{4966148B-F9CF-481E-8957-61B15BBA9E8C}.Debug|Any CPU.ActiveCfg = Debug|Any CPU
		{4966148B-F9CF-481E-8957-61B15BBA9E8C}.Debug|Any CPU.Build.0 = Debug|Any CPU
		{4966148B-F9CF-481E-8957-61B15BBA9E8C}.Release|Any CPU.ActiveCfg = Release|Any CPU
		{4966148B-F9CF-481E-8957-61B15BBA9E8C}.Release|Any CPU.Build.0 = Release|Any CPU
		{0D78C400-5E4D-42ED-B954-686A8A7A6963}.Debug|Any CPU.ActiveCfg = Debug|Any CPU
		{0D78C400-5E4D-42ED-B954-686A8A7A6963}.Debug|Any CPU.Build.0 = Debug|Any CPU
		{0D78C400-5E4D-42ED-B954-686A8A7A6963}.Release|Any CPU.ActiveCfg = Release|Any CPU
		{0D78C400-5E4D-42ED-B954-686A8A7A6963}.Release|Any CPU.Build.0 = Release|Any CPU
		{AB68C624-A8B8-4DA6-A8D6-5B58723C0DDF}.Debug|Any CPU.ActiveCfg = Debug|Any CPU
		{AB68C624-A8B8-4DA6-A8D6-5B58723C0DDF}.Debug|Any CPU.Build.0 = Debug|Any CPU
		{AB68C624-A8B8-4DA6-A8D6-5B58723C0DDF}.Release|Any CPU.ActiveCfg = Release|Any CPU
		{AB68C624-A8B8-4DA6-A8D6-5B58723C0DDF}.Release|Any CPU.Build.0 = Release|Any CPU
		{90C56D2C-E3B7-40E3-A45E-0D2E6D182760}.Debug|Any CPU.ActiveCfg = Debug|Any CPU
		{90C56D2C-E3B7-40E3-A45E-0D2E6D182760}.Debug|Any CPU.Build.0 = Debug|Any CPU
		{90C56D2C-E3B7-40E3-A45E-0D2E6D182760}.Release|Any CPU.ActiveCfg = Release|Any CPU
		{90C56D2C-E3B7-40E3-A45E-0D2E6D182760}.Release|Any CPU.Build.0 = Release|Any CPU
		{9BE8F228-BE7B-4EF0-8254-9F1E37D67890}.Debug|Any CPU.ActiveCfg = Debug|Any CPU
		{9BE8F228-BE7B-4EF0-8254-9F1E37D67890}.Debug|Any CPU.Build.0 = Debug|Any CPU
		{9BE8F228-BE7B-4EF0-8254-9F1E37D67890}.Release|Any CPU.ActiveCfg = Release|Any CPU
		{9BE8F228-BE7B-4EF0-8254-9F1E37D67890}.Release|Any CPU.Build.0 = Release|Any CPU
		{43C094A0-810E-455C-956E-39151959BD4B}.Debug|Any CPU.ActiveCfg = Debug|Any CPU
		{43C094A0-810E-455C-956E-39151959BD4B}.Debug|Any CPU.Build.0 = Debug|Any CPU
		{43C094A0-810E-455C-956E-39151959BD4B}.Release|Any CPU.ActiveCfg = Release|Any CPU
		{43C094A0-810E-455C-956E-39151959BD4B}.Release|Any CPU.Build.0 = Release|Any CPU
		{48885FBA-4372-4E73-9041-3F4A624D11FC}.Debug|Any CPU.ActiveCfg = Debug|Any CPU
		{48885FBA-4372-4E73-9041-3F4A624D11FC}.Debug|Any CPU.Build.0 = Debug|Any CPU
		{48885FBA-4372-4E73-9041-3F4A624D11FC}.Release|Any CPU.ActiveCfg = Release|Any CPU
		{48885FBA-4372-4E73-9041-3F4A624D11FC}.Release|Any CPU.Build.0 = Release|Any CPU
		{66B0EC68-C2BD-4144-89BB-EA5497E09290}.Debug|Any CPU.ActiveCfg = Debug|Any CPU
		{66B0EC68-C2BD-4144-89BB-EA5497E09290}.Debug|Any CPU.Build.0 = Debug|Any CPU
		{66B0EC68-C2BD-4144-89BB-EA5497E09290}.Release|Any CPU.ActiveCfg = Release|Any CPU
		{66B0EC68-C2BD-4144-89BB-EA5497E09290}.Release|Any CPU.Build.0 = Release|Any CPU
		{0FE99EB5-7E60-4E6E-97DC-609C4A8D949A}.Debug|Any CPU.ActiveCfg = Debug|Any CPU
		{0FE99EB5-7E60-4E6E-97DC-609C4A8D949A}.Debug|Any CPU.Build.0 = Debug|Any CPU
		{0FE99EB5-7E60-4E6E-97DC-609C4A8D949A}.Release|Any CPU.ActiveCfg = Release|Any CPU
		{0FE99EB5-7E60-4E6E-97DC-609C4A8D949A}.Release|Any CPU.Build.0 = Release|Any CPU
		{F87ECF62-8F0B-4DEC-BE28-D34B5B48FC62}.Debug|Any CPU.ActiveCfg = Debug|Any CPU
		{F87ECF62-8F0B-4DEC-BE28-D34B5B48FC62}.Debug|Any CPU.Build.0 = Debug|Any CPU
		{F87ECF62-8F0B-4DEC-BE28-D34B5B48FC62}.Release|Any CPU.ActiveCfg = Release|Any CPU
		{F87ECF62-8F0B-4DEC-BE28-D34B5B48FC62}.Release|Any CPU.Build.0 = Release|Any CPU
		{E670B82F-13DB-410D-A983-03AE132444BE}.Debug|Any CPU.ActiveCfg = Debug|Any CPU
		{E670B82F-13DB-410D-A983-03AE132444BE}.Debug|Any CPU.Build.0 = Debug|Any CPU
		{E670B82F-13DB-410D-A983-03AE132444BE}.Release|Any CPU.ActiveCfg = Release|Any CPU
		{E670B82F-13DB-410D-A983-03AE132444BE}.Release|Any CPU.Build.0 = Release|Any CPU
		{BF9D19EC-24E8-4DA7-8DF9-5011001E2FA6}.Debug|Any CPU.ActiveCfg = Debug|Any CPU
		{BF9D19EC-24E8-4DA7-8DF9-5011001E2FA6}.Debug|Any CPU.Build.0 = Debug|Any CPU
		{BF9D19EC-24E8-4DA7-8DF9-5011001E2FA6}.Release|Any CPU.ActiveCfg = Release|Any CPU
		{BF9D19EC-24E8-4DA7-8DF9-5011001E2FA6}.Release|Any CPU.Build.0 = Release|Any CPU
		{6A37E071-0AAA-4E18-9E96-456E7BD0C833}.Debug|Any CPU.ActiveCfg = Debug|Any CPU
		{6A37E071-0AAA-4E18-9E96-456E7BD0C833}.Debug|Any CPU.Build.0 = Debug|Any CPU
		{6A37E071-0AAA-4E18-9E96-456E7BD0C833}.Release|Any CPU.ActiveCfg = Release|Any CPU
		{6A37E071-0AAA-4E18-9E96-456E7BD0C833}.Release|Any CPU.Build.0 = Release|Any CPU
		{0344DF2E-CDC6-441F-AEE4-EC76BE09D199}.Debug|Any CPU.ActiveCfg = Debug|Any CPU
		{0344DF2E-CDC6-441F-AEE4-EC76BE09D199}.Debug|Any CPU.Build.0 = Debug|Any CPU
		{0344DF2E-CDC6-441F-AEE4-EC76BE09D199}.Release|Any CPU.ActiveCfg = Release|Any CPU
		{0344DF2E-CDC6-441F-AEE4-EC76BE09D199}.Release|Any CPU.Build.0 = Release|Any CPU
		{F7A0C53C-C02C-4A34-BD57-5713F9FC93F8}.Debug|Any CPU.ActiveCfg = Debug|Any CPU
		{F7A0C53C-C02C-4A34-BD57-5713F9FC93F8}.Debug|Any CPU.Build.0 = Debug|Any CPU
		{F7A0C53C-C02C-4A34-BD57-5713F9FC93F8}.Release|Any CPU.ActiveCfg = Release|Any CPU
		{F7A0C53C-C02C-4A34-BD57-5713F9FC93F8}.Release|Any CPU.Build.0 = Release|Any CPU
		{FEA0D286-518D-4E8E-A913-F6E6A5569B89}.Debug|Any CPU.ActiveCfg = Debug|Any CPU
		{FEA0D286-518D-4E8E-A913-F6E6A5569B89}.Debug|Any CPU.Build.0 = Debug|Any CPU
		{FEA0D286-518D-4E8E-A913-F6E6A5569B89}.Release|Any CPU.ActiveCfg = Release|Any CPU
		{FEA0D286-518D-4E8E-A913-F6E6A5569B89}.Release|Any CPU.Build.0 = Release|Any CPU
		{B63CF349-3847-4A7C-B98D-784A4CCB2B9B}.Debug|Any CPU.ActiveCfg = Debug|Any CPU
		{B63CF349-3847-4A7C-B98D-784A4CCB2B9B}.Debug|Any CPU.Build.0 = Debug|Any CPU
		{B63CF349-3847-4A7C-B98D-784A4CCB2B9B}.Release|Any CPU.ActiveCfg = Release|Any CPU
		{B63CF349-3847-4A7C-B98D-784A4CCB2B9B}.Release|Any CPU.Build.0 = Release|Any CPU
		{E590494C-CB3B-49A0-BE13-B5A01DF32E1D}.Debug|Any CPU.ActiveCfg = Debug|Any CPU
		{E590494C-CB3B-49A0-BE13-B5A01DF32E1D}.Debug|Any CPU.Build.0 = Debug|Any CPU
		{E590494C-CB3B-49A0-BE13-B5A01DF32E1D}.Release|Any CPU.ActiveCfg = Release|Any CPU
		{E590494C-CB3B-49A0-BE13-B5A01DF32E1D}.Release|Any CPU.Build.0 = Release|Any CPU
	EndGlobalSection
	GlobalSection(SolutionProperties) = preSolution
		HideSolutionNode = FALSE
	EndGlobalSection
	GlobalSection(NestedProjects) = preSolution
		{20825F1F-A881-409B-BD05-33EF0050E9B6} = {8558477E-BB8C-490D-A3B8-7929FE191DFC}
		{4966148B-F9CF-481E-8957-61B15BBA9E8C} = {8558477E-BB8C-490D-A3B8-7929FE191DFC}
		{0D78C400-5E4D-42ED-B954-686A8A7A6963} = {8558477E-BB8C-490D-A3B8-7929FE191DFC}
		{AB68C624-A8B8-4DA6-A8D6-5B58723C0DDF} = {8558477E-BB8C-490D-A3B8-7929FE191DFC}
		{90C56D2C-E3B7-40E3-A45E-0D2E6D182760} = {8558477E-BB8C-490D-A3B8-7929FE191DFC}
		{9BE8F228-BE7B-4EF0-8254-9F1E37D67890} = {DD560035-E416-4C91-90EB-51A5D5A3C509}
		{43C094A0-810E-455C-956E-39151959BD4B} = {DD560035-E416-4C91-90EB-51A5D5A3C509}
		{48885FBA-4372-4E73-9041-3F4A624D11FC} = {DD560035-E416-4C91-90EB-51A5D5A3C509}
		{66B0EC68-C2BD-4144-89BB-EA5497E09290} = {DD560035-E416-4C91-90EB-51A5D5A3C509}
		{0FE99EB5-7E60-4E6E-97DC-609C4A8D949A} = {DD560035-E416-4C91-90EB-51A5D5A3C509}
		{F87ECF62-8F0B-4DEC-BE28-D34B5B48FC62} = {C4AC79AB-20A8-4805-990B-21080C1F5F26}
		{E670B82F-13DB-410D-A983-03AE132444BE} = {C4AC79AB-20A8-4805-990B-21080C1F5F26}
		{BF9D19EC-24E8-4DA7-8DF9-5011001E2FA6} = {C4AC79AB-20A8-4805-990B-21080C1F5F26}
		{6A37E071-0AAA-4E18-9E96-456E7BD0C833} = {C4AC79AB-20A8-4805-990B-21080C1F5F26}
		{0344DF2E-CDC6-441F-AEE4-EC76BE09D199} = {59E59AAE-FC4A-4E95-A7F2-548B8A8B62A7}
		{F7A0C53C-C02C-4A34-BD57-5713F9FC93F8} = {59E59AAE-FC4A-4E95-A7F2-548B8A8B62A7}
		{FEA0D286-518D-4E8E-A913-F6E6A5569B89} = {59E59AAE-FC4A-4E95-A7F2-548B8A8B62A7}
		{B63CF349-3847-4A7C-B98D-784A4CCB2B9B} = {59E59AAE-FC4A-4E95-A7F2-548B8A8B62A7}
		{E590494C-CB3B-49A0-BE13-B5A01DF32E1D} = {9F76D80D-B58B-4245-AA90-7567A8023494}
	EndGlobalSection
	GlobalSection(ExtensibilityGlobals) = postSolution
		SolutionGuid = {91C5E4E1-3FF4-4415-BEB3-B9CB12F9A4AC}
	EndGlobalSection
EndGlobal
